
Microsoft Visual Studio Solution File, Format Version 12.00
# Visual Studio 2013
VisualStudioVersion = 12.0.30501.0
MinimumVisualStudioVersion = 10.0.40219.1
Project("{2150E333-8FDC-42A3-9474-1A3956D46DE8}") = "TraktRoulette Windows", "TraktRoulette Windows", "{37239278-63B6-405A-87B9-B73CCB5FD6A1}"
EndProject
Project("{D954291E-2A0B-460D-934E-DC6B0785DB48}") = "TraktRoulette Windows.Shared", "TraktRoulette Windows\TraktRoulette Windows.Shared\TraktRoulette Windows.Shared.shproj", "{09132990-9063-42C3-AE99-432DD7AF23CA}"
EndProject
Project("{FAE04EC0-301F-11D3-BF4B-00C04F79EFBC}") = "TraktRoulette Windows.Windows", "TraktRoulette Windows\TraktRoulette Windows.Windows\TraktRoulette Windows.Windows.csproj", "{426F78C8-D699-4624-BA9B-6A8A2421131B}"
EndProject
Project("{FAE04EC0-301F-11D3-BF4B-00C04F79EFBC}") = "TraktRoulette Windows.WindowsPhone", "TraktRoulette Windows\TraktRoulette Windows.WindowsPhone\TraktRoulette Windows.WindowsPhone.csproj", "{4576DB77-2565-48E1-B2A4-2A6727550086}"
EndProject
Global
	GlobalSection(SharedMSBuildProjectFiles) = preSolution
		TraktRoulette Windows\TraktRoulette Windows.Shared\TraktRoulette Windows.Shared.projitems*{09132990-9063-42c3-ae99-432dd7af23ca}*SharedItemsImports = 13
		TraktRoulette Windows\TraktRoulette Windows.Shared\TraktRoulette Windows.Shared.projitems*{426f78c8-d699-4624-ba9b-6a8a2421131b}*SharedItemsImports = 4
		TraktRoulette Windows\TraktRoulette Windows.Shared\TraktRoulette Windows.Shared.projitems*{4576db77-2565-48e1-b2a4-2a6727550086}*SharedItemsImports = 4
	EndGlobalSection
	GlobalSection(SolutionConfigurationPlatforms) = preSolution
		Debug|Any CPU = Debug|Any CPU
		Debug|ARM = Debug|ARM
		Debug|x64 = Debug|x64
		Debug|x86 = Debug|x86
		Release|Any CPU = Release|Any CPU
		Release|ARM = Release|ARM
		Release|x64 = Release|x64
		Release|x86 = Release|x86
	EndGlobalSection
	GlobalSection(ProjectConfigurationPlatforms) = postSolution
		{426F78C8-D699-4624-BA9B-6A8A2421131B}.Debug|Any CPU.ActiveCfg = Debug|Any CPU
		{426F78C8-D699-4624-BA9B-6A8A2421131B}.Debug|Any CPU.Build.0 = Debug|Any CPU
		{426F78C8-D699-4624-BA9B-6A8A2421131B}.Debug|Any CPU.Deploy.0 = Debug|Any CPU
		{426F78C8-D699-4624-BA9B-6A8A2421131B}.Debug|ARM.ActiveCfg = Debug|ARM
		{426F78C8-D699-4624-BA9B-6A8A2421131B}.Debug|ARM.Build.0 = Debug|ARM
		{426F78C8-D699-4624-BA9B-6A8A2421131B}.Debug|ARM.Deploy.0 = Debug|ARM
		{426F78C8-D699-4624-BA9B-6A8A2421131B}.Debug|x64.ActiveCfg = Debug|x64
		{426F78C8-D699-4624-BA9B-6A8A2421131B}.Debug|x64.Build.0 = Debug|x64
		{426F78C8-D699-4624-BA9B-6A8A2421131B}.Debug|x64.Deploy.0 = Debug|x64
		{426F78C8-D699-4624-BA9B-6A8A2421131B}.Debug|x86.ActiveCfg = Debug|x86
		{426F78C8-D699-4624-BA9B-6A8A2421131B}.Debug|x86.Build.0 = Debug|x86
		{426F78C8-D699-4624-BA9B-6A8A2421131B}.Debug|x86.Deploy.0 = Debug|x86
		{426F78C8-D699-4624-BA9B-6A8A2421131B}.Release|Any CPU.ActiveCfg = Release|Any CPU
		{426F78C8-D699-4624-BA9B-6A8A2421131B}.Release|Any CPU.Build.0 = Release|Any CPU
		{426F78C8-D699-4624-BA9B-6A8A2421131B}.Release|Any CPU.Deploy.0 = Release|Any CPU
		{426F78C8-D699-4624-BA9B-6A8A2421131B}.Release|ARM.ActiveCfg = Release|ARM
		{426F78C8-D699-4624-BA9B-6A8A2421131B}.Release|ARM.Build.0 = Release|ARM
		{426F78C8-D699-4624-BA9B-6A8A2421131B}.Release|ARM.Deploy.0 = Release|ARM
		{426F78C8-D699-4624-BA9B-6A8A2421131B}.Release|x64.ActiveCfg = Release|x64
		{426F78C8-D699-4624-BA9B-6A8A2421131B}.Release|x64.Build.0 = Release|x64
		{426F78C8-D699-4624-BA9B-6A8A2421131B}.Release|x64.Deploy.0 = Release|x64
		{426F78C8-D699-4624-BA9B-6A8A2421131B}.Release|x86.ActiveCfg = Release|x86
		{426F78C8-D699-4624-BA9B-6A8A2421131B}.Release|x86.Build.0 = Release|x86
		{426F78C8-D699-4624-BA9B-6A8A2421131B}.Release|x86.Deploy.0 = Release|x86
		{4576DB77-2565-48E1-B2A4-2A6727550086}.Debug|Any CPU.ActiveCfg = Debug|Any CPU
		{4576DB77-2565-48E1-B2A4-2A6727550086}.Debug|Any CPU.Build.0 = Debug|Any CPU
		{4576DB77-2565-48E1-B2A4-2A6727550086}.Debug|Any CPU.Deploy.0 = Debug|Any CPU
		{4576DB77-2565-48E1-B2A4-2A6727550086}.Debug|ARM.ActiveCfg = Debug|ARM
		{4576DB77-2565-48E1-B2A4-2A6727550086}.Debug|ARM.Build.0 = Debug|ARM
		{4576DB77-2565-48E1-B2A4-2A6727550086}.Debug|ARM.Deploy.0 = Debug|ARM
		{4576DB77-2565-48E1-B2A4-2A6727550086}.Debug|x64.ActiveCfg = Debug|Any CPU
		{4576DB77-2565-48E1-B2A4-2A6727550086}.Debug|x86.ActiveCfg = Debug|x86
		{4576DB77-2565-48E1-B2A4-2A6727550086}.Debug|x86.Build.0 = Debug|x86
		{4576DB77-2565-48E1-B2A4-2A6727550086}.Debug|x86.Deploy.0 = Debug|x86
		{4576DB77-2565-48E1-B2A4-2A6727550086}.Release|Any CPU.ActiveCfg = Release|Any CPU
		{4576DB77-2565-48E1-B2A4-2A6727550086}.Release|Any CPU.Build.0 = Release|Any CPU
		{4576DB77-2565-48E1-B2A4-2A6727550086}.Release|Any CPU.Deploy.0 = Release|Any CPU
		{4576DB77-2565-48E1-B2A4-2A6727550086}.Release|ARM.ActiveCfg = Release|ARM
		{4576DB77-2565-48E1-B2A4-2A6727550086}.Release|ARM.Build.0 = Release|ARM
		{4576DB77-2565-48E1-B2A4-2A6727550086}.Release|ARM.Deploy.0 = Release|ARM
		{4576DB77-2565-48E1-B2A4-2A6727550086}.Release|x64.ActiveCfg = Release|Any CPU
		{4576DB77-2565-48E1-B2A4-2A6727550086}.Release|x86.ActiveCfg = Release|x86
		{4576DB77-2565-48E1-B2A4-2A6727550086}.Release|x86.Build.0 = Release|x86
		{4576DB77-2565-48E1-B2A4-2A6727550086}.Release|x86.Deploy.0 = Release|x86
	EndGlobalSection
	GlobalSection(SolutionProperties) = preSolution
		HideSolutionNode = FALSE
	EndGlobalSection
	GlobalSection(NestedProjects) = preSolution
		{09132990-9063-42C3-AE99-432DD7AF23CA} = {37239278-63B6-405A-87B9-B73CCB5FD6A1}
		{426F78C8-D699-4624-BA9B-6A8A2421131B} = {37239278-63B6-405A-87B9-B73CCB5FD6A1}
		{4576DB77-2565-48E1-B2A4-2A6727550086} = {37239278-63B6-405A-87B9-B73CCB5FD6A1}
	EndGlobalSection
EndGlobal
